
Microsoft Visual Studio Solution File, Format Version 12.00
# Visual Studio Version 17
VisualStudioVersion = 17.10.34916.146
MinimumVisualStudioVersion = 10.0.40219.1
Project("{FAE04EC0-301F-11D3-BF4B-00C04F79EFBC}") = "PG 5th", "PG 5th.csproj", "{F260C28C-A862-4442-8A56-A2FA8F4BD240}"
EndProject
Global
	GlobalSection(SolutionConfigurationPlatforms) = preSolution
		Debug|Any CPU = Debug|Any CPU
		Release|Any CPU = Release|Any CPU
	EndGlobalSection
	GlobalSection(ProjectConfigurationPlatforms) = postSolution
		{F260C28C-A862-4442-8A56-A2FA8F4BD240}.Debug|Any CPU.ActiveCfg = Debug|Any CPU
		{F260C28C-A862-4442-8A56-A2FA8F4BD240}.Debug|Any CPU.Build.0 = Debug|Any CPU
		{F260C28C-A862-4442-8A56-A2FA8F4BD240}.Release|Any CPU.ActiveCfg = Release|Any CPU
		{F260C28C-A862-4442-8A56-A2FA8F4BD240}.Release|Any CPU.Build.0 = Release|Any CPU
	EndGlobalSection
	GlobalSection(SolutionProperties) = preSolution
		HideSolutionNode = FALSE
	EndGlobalSection
	GlobalSection(ExtensibilityGlobals) = postSolution
		SolutionGuid = {1DA1EF41-32F8-4307-A784-F148C125A9BD}
	EndGlobalSection
EndGlobal
